
Microsoft Visual Studio Solution File, Format Version 12.00
# Visual Studio 15
VisualStudioVersion = 15.0.28307.705
MinimumVisualStudioVersion = 10.0.40219.1
Project("{E24C65DC-7377-472B-9ABA-BC803B73C61A}") = "PW Corporate Site", ".", "{E39EE777-C5EF-4DCF-9753-59EBC2FD8C75}"
	ProjectSection(WebsiteProperties) = preProject
		TargetFrameworkMoniker = ".NETFramework,Version%3Dv4.0"
		Debug.AspNetCompiler.VirtualPath = "/localhost_44210"
		Debug.AspNetCompiler.PhysicalPath = "..\PW Corporate Site\"
		Debug.AspNetCompiler.TargetPath = "PrecompiledWeb\localhost_44210\"
		Debug.AspNetCompiler.Updateable = "true"
		Debug.AspNetCompiler.ForceOverwrite = "true"
		Debug.AspNetCompiler.FixedNames = "false"
		Debug.AspNetCompiler.Debug = "True"
		Release.AspNetCompiler.VirtualPath = "/localhost_44210"
		Release.AspNetCompiler.PhysicalPath = "..\PW Corporate Site\"
		Release.AspNetCompiler.TargetPath = "PrecompiledWeb\localhost_44210\"
		Release.AspNetCompiler.Updateable = "true"
		Release.AspNetCompiler.ForceOverwrite = "true"
		Release.AspNetCompiler.FixedNames = "false"
		Release.AspNetCompiler.Debug = "False"
		VWDPort = "44210"
		SlnRelativePath = "..\PW Corporate Site\"
	EndProjectSection
EndProject
Project("{FAE04EC0-301F-11D3-BF4B-00C04F79EFBC}") = "NMC Corp Site", "..\NMC Corporate Site_New\NMC Corp Site\NMC Corp Site.csproj", "{ADCEBFAB-EC07-46CA-B24E-6E499D9E4CF3}"
EndProject
Global
	GlobalSection(SolutionConfigurationPlatforms) = preSolution
		Debug|Any CPU = Debug|Any CPU
		Release|Any CPU = Release|Any CPU
	EndGlobalSection
	GlobalSection(ProjectConfigurationPlatforms) = postSolution
		{E39EE777-C5EF-4DCF-9753-59EBC2FD8C75}.Debug|Any CPU.ActiveCfg = Debug|Any CPU
		{E39EE777-C5EF-4DCF-9753-59EBC2FD8C75}.Debug|Any CPU.Build.0 = Debug|Any CPU
		{E39EE777-C5EF-4DCF-9753-59EBC2FD8C75}.Release|Any CPU.ActiveCfg = Debug|Any CPU
		{E39EE777-C5EF-4DCF-9753-59EBC2FD8C75}.Release|Any CPU.Build.0 = Debug|Any CPU
		{ADCEBFAB-EC07-46CA-B24E-6E499D9E4CF3}.Debug|Any CPU.ActiveCfg = Debug|Any CPU
		{ADCEBFAB-EC07-46CA-B24E-6E499D9E4CF3}.Debug|Any CPU.Build.0 = Debug|Any CPU
		{ADCEBFAB-EC07-46CA-B24E-6E499D9E4CF3}.Release|Any CPU.ActiveCfg = Release|Any CPU
		{ADCEBFAB-EC07-46CA-B24E-6E499D9E4CF3}.Release|Any CPU.Build.0 = Release|Any CPU
	EndGlobalSection
	GlobalSection(SolutionProperties) = preSolution
		HideSolutionNode = FALSE
	EndGlobalSection
	GlobalSection(ExtensibilityGlobals) = postSolution
		SolutionGuid = {E3DCA929-F760-4880-8909-D41C741C4E4B}
	EndGlobalSection
EndGlobal
